
Microsoft Visual Studio Solution File, Format Version 12.00
# Visual Studio Version 17
VisualStudioVersion = 17.8.34330.188
MinimumVisualStudioVersion = 10.0.40219.1
Project("{FAE04EC0-301F-11D3-BF4B-00C04F79EFBC}") = "Test1", "Test1\Test1.csproj", "{FB03D49C-4B8A-4727-A248-5F9AE6957440}"
EndProject
Global
	GlobalSection(SolutionConfigurationPlatforms) = preSolution
		Debug|Any CPU = Debug|Any CPU
		Release|Any CPU = Release|Any CPU
	EndGlobalSection
	GlobalSection(ProjectConfigurationPlatforms) = postSolution
		{FB03D49C-4B8A-4727-A248-5F9AE6957440}.Debug|Any CPU.ActiveCfg = Debug|Any CPU
		{FB03D49C-4B8A-4727-A248-5F9AE6957440}.Debug|Any CPU.Build.0 = Debug|Any CPU
		{FB03D49C-4B8A-4727-A248-5F9AE6957440}.Release|Any CPU.ActiveCfg = Release|Any CPU
		{FB03D49C-4B8A-4727-A248-5F9AE6957440}.Release|Any CPU.Build.0 = Release|Any CPU
	EndGlobalSection
	GlobalSection(SolutionProperties) = preSolution
		HideSolutionNode = FALSE
	EndGlobalSection
	GlobalSection(ExtensibilityGlobals) = postSolution
		SolutionGuid = {812C8F13-74EA-4451-8F77-BC81D505593C}
	EndGlobalSection
EndGlobal
